
Microsoft Visual Studio Solution File, Format Version 12.00
# Visual Studio Version 16
VisualStudioVersion = 16.0.29613.14
MinimumVisualStudioVersion = 15.0.26124.0
Project("{9A19103F-16F7-4668-BE54-9A1E7A4F7556}") = "Tennis", "Tennis\Tennis.csproj", "{4257EA3A-E7D8-45A9-B865-B632AAC1F9EB}"
EndProject
Project("{9A19103F-16F7-4668-BE54-9A1E7A4F7556}") = "ApprovedToReceive", "ApprovedToReceive\ApprovedToReceive.csproj", "{9219DA31-B850-43C6-B274-BEC8EF5BD3FB}"
EndProject
Global
	GlobalSection(SolutionConfigurationPlatforms) = preSolution
		Debug|Any CPU = Debug|Any CPU
		Debug|x64 = Debug|x64
		Debug|x86 = Debug|x86
		Release|Any CPU = Release|Any CPU
		Release|x64 = Release|x64
		Release|x86 = Release|x86
	EndGlobalSection
	GlobalSection(ProjectConfigurationPlatforms) = postSolution
		{4257EA3A-E7D8-45A9-B865-B632AAC1F9EB}.Debug|Any CPU.ActiveCfg = Debug|Any CPU
		{4257EA3A-E7D8-45A9-B865-B632AAC1F9EB}.Debug|Any CPU.Build.0 = Debug|Any CPU
		{4257EA3A-E7D8-45A9-B865-B632AAC1F9EB}.Debug|x64.ActiveCfg = Debug|Any CPU
		{4257EA3A-E7D8-45A9-B865-B632AAC1F9EB}.Debug|x64.Build.0 = Debug|Any CPU
		{4257EA3A-E7D8-45A9-B865-B632AAC1F9EB}.Debug|x86.ActiveCfg = Debug|Any CPU
		{4257EA3A-E7D8-45A9-B865-B632AAC1F9EB}.Debug|x86.Build.0 = Debug|Any CPU
		{4257EA3A-E7D8-45A9-B865-B632AAC1F9EB}.Release|Any CPU.ActiveCfg = Release|Any CPU
		{4257EA3A-E7D8-45A9-B865-B632AAC1F9EB}.Release|Any CPU.Build.0 = Release|Any CPU
		{4257EA3A-E7D8-45A9-B865-B632AAC1F9EB}.Release|x64.ActiveCfg = Release|Any CPU
		{4257EA3A-E7D8-45A9-B865-B632AAC1F9EB}.Release|x64.Build.0 = Release|Any CPU
		{4257EA3A-E7D8-45A9-B865-B632AAC1F9EB}.Release|x86.ActiveCfg = Release|Any CPU
		{4257EA3A-E7D8-45A9-B865-B632AAC1F9EB}.Release|x86.Build.0 = Release|Any CPU
		{9219DA31-B850-43C6-B274-BEC8EF5BD3FB}.Debug|Any CPU.ActiveCfg = Debug|Any CPU
		{9219DA31-B850-43C6-B274-BEC8EF5BD3FB}.Debug|Any CPU.Build.0 = Debug|Any CPU
		{9219DA31-B850-43C6-B274-BEC8EF5BD3FB}.Debug|x64.ActiveCfg = Debug|Any CPU
		{9219DA31-B850-43C6-B274-BEC8EF5BD3FB}.Debug|x64.Build.0 = Debug|Any CPU
		{9219DA31-B850-43C6-B274-BEC8EF5BD3FB}.Debug|x86.ActiveCfg = Debug|Any CPU
		{9219DA31-B850-43C6-B274-BEC8EF5BD3FB}.Debug|x86.Build.0 = Debug|Any CPU
		{9219DA31-B850-43C6-B274-BEC8EF5BD3FB}.Release|Any CPU.ActiveCfg = Release|Any CPU
		{9219DA31-B850-43C6-B274-BEC8EF5BD3FB}.Release|Any CPU.Build.0 = Release|Any CPU
		{9219DA31-B850-43C6-B274-BEC8EF5BD3FB}.Release|x64.ActiveCfg = Release|Any CPU
		{9219DA31-B850-43C6-B274-BEC8EF5BD3FB}.Release|x64.Build.0 = Release|Any CPU
		{9219DA31-B850-43C6-B274-BEC8EF5BD3FB}.Release|x86.ActiveCfg = Release|Any CPU
		{9219DA31-B850-43C6-B274-BEC8EF5BD3FB}.Release|x86.Build.0 = Release|Any CPU
	EndGlobalSection
	GlobalSection(SolutionProperties) = preSolution
		HideSolutionNode = FALSE
	EndGlobalSection
	GlobalSection(ExtensibilityGlobals) = postSolution
		SolutionGuid = {E10C53FB-139E-4762-BBFB-7FC574622561}
	EndGlobalSection
EndGlobal
